// !$*UTF8*$!
{
	archiveVersion = 1;
	classes = {
	};
	objectVersion = 46;
	objects = {

/* Begin PBXBuildFile section */
		AE5A63951CE58373003C5990 /* AppDelegate.swift in Sources */ = {isa = PBXBuildFile; fileRef = AE5A63941CE58373003C5990 /* AppDelegate.swift */; };
		AE5A63971CE58373003C5990 /* Main.swift in Sources */ = {isa = PBXBuildFile; fileRef = AE5A63961CE58373003C5990 /* Main.swift */; };
		AE5A639A1CE58373003C5990 /* Main.storyboard in Resources */ = {isa = PBXBuildFile; fileRef = AE5A63981CE58373003C5990 /* Main.storyboard */; };
		AE5A639C1CE58373003C5990 /* Assets.xcassets in Resources */ = {isa = PBXBuildFile; fileRef = AE5A639B1CE58373003C5990 /* Assets.xcassets */; };
		AE5A639F1CE58373003C5990 /* LaunchScreen.storyboard in Resources */ = {isa = PBXBuildFile; fileRef = AE5A639D1CE58373003C5990 /* LaunchScreen.storyboard */; };
		AE5A63A71CE585D7003C5990 /* TimeTable.storyboard in Resources */ = {isa = PBXBuildFile; fileRef = AE5A63A61CE585D7003C5990 /* TimeTable.storyboard */; };
		AE8DA6ED1CE5A724004D2EC8 /* Map.storyboard in Resources */ = {isa = PBXBuildFile; fileRef = AE8DA6EC1CE5A724004D2EC8 /* Map.storyboard */; };
		AE8DA6F11CE5A75D004D2EC8 /* TaskManagement.storyboard in Resources */ = {isa = PBXBuildFile; fileRef = AE8DA6F01CE5A75D004D2EC8 /* TaskManagement.storyboard */; };
		AE8DA6F31CE5A7CB004D2EC8 /* TimeTable.swift in Sources */ = {isa = PBXBuildFile; fileRef = AE8DA6F21CE5A7CB004D2EC8 /* TimeTable.swift */; };
		AE8DA6F51CE5A7D2004D2EC8 /* Map.swift in Sources */ = {isa = PBXBuildFile; fileRef = AE8DA6F41CE5A7D2004D2EC8 /* Map.swift */; };
		AE8DA6F91CE5A7E6004D2EC8 /* TaskManagement.swift in Sources */ = {isa = PBXBuildFile; fileRef = AE8DA6F81CE5A7E6004D2EC8 /* TaskManagement.swift */; };
		CAD4E7CF1CEB475A00737341 /* WebView.storyboard in Resources */ = {isa = PBXBuildFile; fileRef = CAD4E7CE1CEB475A00737341 /* WebView.storyboard */; };
		CAD4E7D11CEB477600737341 /* WebView.swift in Sources */ = {isa = PBXBuildFile; fileRef = CAD4E7D01CEB477600737341 /* WebView.swift */; };
/* End PBXBuildFile section */

/* Begin PBXFileReference section */
		AE5A63911CE58373003C5990 /* 実習.app */ = {isa = PBXFileReference; explicitFileType = wrapper.application; includeInIndex = 0; path = "実習.app"; sourceTree = BUILT_PRODUCTS_DIR; };
		AE5A63941CE58373003C5990 /* AppDelegate.swift */ = {isa = PBXFileReference; lastKnownFileType = sourcecode.swift; path = AppDelegate.swift; sourceTree = "<group>"; };
		AE5A63961CE58373003C5990 /* Main.swift */ = {isa = PBXFileReference; lastKnownFileType = sourcecode.swift; path = Main.swift; sourceTree = "<group>"; };
		AE5A63991CE58373003C5990 /* Base */ = {isa = PBXFileReference; lastKnownFileType = file.storyboard; name = Base; path = Base.lproj/Main.storyboard; sourceTree = "<group>"; };
		AE5A639B1CE58373003C5990 /* Assets.xcassets */ = {isa = PBXFileReference; lastKnownFileType = folder.assetcatalog; path = Assets.xcassets; sourceTree = "<group>"; };
		AE5A639E1CE58373003C5990 /* Base */ = {isa = PBXFileReference; lastKnownFileType = file.storyboard; name = Base; path = Base.lproj/LaunchScreen.storyboard; sourceTree = "<group>"; };
		AE5A63A01CE58373003C5990 /* Info.plist */ = {isa = PBXFileReference; lastKnownFileType = text.plist.xml; path = Info.plist; sourceTree = "<group>"; };
		AE5A63A61CE585D7003C5990 /* TimeTable.storyboard */ = {isa = PBXFileReference; fileEncoding = 4; lastKnownFileType = file.storyboard; path = TimeTable.storyboard; sourceTree = "<group>"; };
		AE8DA6EC1CE5A724004D2EC8 /* Map.storyboard */ = {isa = PBXFileReference; fileEncoding = 4; lastKnownFileType = file.storyboard; path = Map.storyboard; sourceTree = "<group>"; };
		AE8DA6F01CE5A75D004D2EC8 /* TaskManagement.storyboard */ = {isa = PBXFileReference; fileEncoding = 4; lastKnownFileType = file.storyboard; path = TaskManagement.storyboard; sourceTree = "<group>"; };
		AE8DA6F21CE5A7CB004D2EC8 /* TimeTable.swift */ = {isa = PBXFileReference; fileEncoding = 4; lastKnownFileType = sourcecode.swift; path = TimeTable.swift; sourceTree = "<group>"; };
		AE8DA6F41CE5A7D2004D2EC8 /* Map.swift */ = {isa = PBXFileReference; fileEncoding = 4; lastKnownFileType = sourcecode.swift; path = Map.swift; sourceTree = "<group>"; };
		AE8DA6F81CE5A7E6004D2EC8 /* TaskManagement.swift */ = {isa = PBXFileReference; fileEncoding = 4; lastKnownFileType = sourcecode.swift; path = TaskManagement.swift; sourceTree = "<group>"; };
		CAD4E7CE1CEB475A00737341 /* WebView.storyboard */ = {isa = PBXFileReference; fileEncoding = 4; lastKnownFileType = file.storyboard; path = WebView.storyboard; sourceTree = "<group>"; };
		CAD4E7D01CEB477600737341 /* WebView.swift */ = {isa = PBXFileReference; fileEncoding = 4; lastKnownFileType = sourcecode.swift; path = WebView.swift; sourceTree = "<group>"; };
/* End PBXFileReference section */

/* Begin PBXFrameworksBuildPhase section */
		AE5A638E1CE58373003C5990 /* Frameworks */ = {
			isa = PBXFrameworksBuildPhase;
			buildActionMask = 2147483647;
			files = (
			);
			runOnlyForDeploymentPostprocessing = 0;
		};
/* End PBXFrameworksBuildPhase section */

/* Begin PBXGroup section */
		AE5A63881CE58373003C5990 = {
			isa = PBXGroup;
			children = (
				AE5A63931CE58373003C5990 /* 実習 */,
				AE5A63921CE58373003C5990 /* Products */,
			);
			sourceTree = "<group>";
		};
		AE5A63921CE58373003C5990 /* Products */ = {
			isa = PBXGroup;
			children = (
				AE5A63911CE58373003C5990 /* 実習.app */,
			);
			name = Products;
			sourceTree = "<group>";
		};
		AE5A63931CE58373003C5990 /* 実習 */ = {
			isa = PBXGroup;
			children = (
				AE5A63941CE58373003C5990 /* AppDelegate.swift */,
				AE5A63961CE58373003C5990 /* Main.swift */,
				AE8DA6F21CE5A7CB004D2EC8 /* TimeTable.swift */,
				AE8DA6F41CE5A7D2004D2EC8 /* Map.swift */,
				AE8DA6F81CE5A7E6004D2EC8 /* TaskManagement.swift */,
				AE5A63981CE58373003C5990 /* Main.storyboard */,
				AE5A63A61CE585D7003C5990 /* TimeTable.storyboard */,
				AE8DA6EC1CE5A724004D2EC8 /* Map.storyboard */,
				AE8DA6F01CE5A75D004D2EC8 /* TaskManagement.storyboard */,
				AE5A639B1CE58373003C5990 /* Assets.xcassets */,
				AE5A639D1CE58373003C5990 /* LaunchScreen.storyboard */,
				AE5A63A01CE58373003C5990 /* Info.plist */,
				CAD4E7CE1CEB475A00737341 /* WebView.storyboard */,
				CAD4E7D01CEB477600737341 /* WebView.swift */,
			);
			path = "実習";
			sourceTree = "<group>";
		};
/* End PBXGroup section */

/* Begin PBXNativeTarget section */
		AE5A63901CE58373003C5990 /* 実習 */ = {
			isa = PBXNativeTarget;
			buildConfigurationList = AE5A63A31CE58373003C5990 /* Build configuration list for PBXNativeTarget "実習" */;
			buildPhases = (
				AE5A638D1CE58373003C5990 /* Sources */,
				AE5A638E1CE58373003C5990 /* Frameworks */,
				AE5A638F1CE58373003C5990 /* Resources */,
			);
			buildRules = (
			);
			dependencies = (
			);
			name = "実習";
			productName = "実習";
			productReference = AE5A63911CE58373003C5990 /* 実習.app */;
			productType = "com.apple.product-type.application";
		};
/* End PBXNativeTarget section */

/* Begin PBXProject section */
		AE5A63891CE58373003C5990 /* Project object */ = {
			isa = PBXProject;
			attributes = {
				LastSwiftUpdateCheck = 0730;
				LastUpgradeCheck = 0730;
				ORGANIZATIONNAME = mycompany;
				TargetAttributes = {
					AE5A63901CE58373003C5990 = {
						CreatedOnToolsVersion = 7.3.1;
						DevelopmentTeam = ATM925VG3G;
					};
				};
			};
			buildConfigurationList = AE5A638C1CE58373003C5990 /* Build configuration list for PBXProject "実習" */;
			compatibilityVersion = "Xcode 3.2";
			developmentRegion = English;
			hasScannedForEncodings = 0;
			knownRegions = (
				en,
				Base,
			);
			mainGroup = AE5A63881CE58373003C5990;
			productRefGroup = AE5A63921CE58373003C5990 /* Products */;
			projectDirPath = "";
			projectRoot = "";
			targets = (
				AE5A63901CE58373003C5990 /* 実習 */,
			);
		};
/* End PBXProject section */

/* Begin PBXResourcesBuildPhase section */
		AE5A638F1CE58373003C5990 /* Resources */ = {
			isa = PBXResourcesBuildPhase;
			buildActionMask = 2147483647;
			files = (
				AE5A639F1CE58373003C5990 /* LaunchScreen.storyboard in Resources */,
				AE5A63A71CE585D7003C5990 /* TimeTable.storyboard in Resources */,
				AE8DA6ED1CE5A724004D2EC8 /* Map.storyboard in Resources */,
				CAD4E7CF1CEB475A00737341 /* WebView.storyboard in Resources */,
				AE5A639C1CE58373003C5990 /* Assets.xcassets in Resources */,
				AE5A639A1CE58373003C5990 /* Main.storyboard in Resources */,
				AE8DA6F11CE5A75D004D2EC8 /* TaskManagement.storyboard in Resources */,
			);
			runOnlyForDeploymentPostprocessing = 0;
		};
/* End PBXResourcesBuildPhase section */

/* Begin PBXSourcesBuildPhase section */
		AE5A638D1CE58373003C5990 /* Sources */ = {
			isa = PBXSourcesBuildPhase;
			buildActionMask = 2147483647;
			files = (
				AE5A63971CE58373003C5990 /* Main.swift in Sources */,
				AE8DA6F31CE5A7CB004D2EC8 /* TimeTable.swift in Sources */,
				AE8DA6F51CE5A7D2004D2EC8 /* Map.swift in Sources */,
				CAD4E7D11CEB477600737341 /* WebView.swift in Sources */,
				AE5A63951CE58373003C5990 /* AppDelegate.swift in Sources */,
				AE8DA6F91CE5A7E6004D2EC8 /* TaskManagement.swift in Sources */,
			);
			runOnlyForDeploymentPostprocessing = 0;
		};
/* End PBXSourcesBuildPhase section */

/* Begin PBXVariantGroup section */
		AE5A63981CE58373003C5990 /* Main.storyboard */ = {
			isa = PBXVariantGroup;
			children = (
				AE5A63991CE58373003C5990 /* Base */,
			);
			name = Main.storyboard;
			sourceTree = "<group>";
		};
		AE5A639D1CE58373003C5990 /* LaunchScreen.storyboard */ = {
			isa = PBXVariantGroup;
			children = (
				AE5A639E1CE58373003C5990 /* Base */,
			);
			name = LaunchScreen.storyboard;
			sourceTree = "<group>";
		};
/* End PBXVariantGroup section */

/* Begin XCBuildConfiguration section */
		AE5A63A11CE58373003C5990 /* Debug */ = {
			isa = XCBuildConfiguration;
			buildSettings = {
				ALWAYS_SEARCH_USER_PATHS = NO;
				CLANG_ANALYZER_NONNULL = YES;
				CLANG_CXX_LANGUAGE_STANDARD = "gnu++0x";
				CLANG_CXX_LIBRARY = "libc++";
				CLANG_ENABLE_MODULES = YES;
				CLANG_ENABLE_OBJC_ARC = YES;
				CLANG_WARN_BOOL_CONVERSION = YES;
				CLANG_WARN_CONSTANT_CONVERSION = YES;
				CLANG_WARN_DIRECT_OBJC_ISA_USAGE = YES_ERROR;
				CLANG_WARN_EMPTY_BODY = YES;
				CLANG_WARN_ENUM_CONVERSION = YES;
				CLANG_WARN_INT_CONVERSION = YES;
				CLANG_WARN_OBJC_ROOT_CLASS = YES_ERROR;
				CLANG_WARN_UNREACHABLE_CODE = YES;
				CLANG_WARN__DUPLICATE_METHOD_MATCH = YES;
				"CODE_SIGN_IDENTITY[sdk=iphoneos*]" = "iPhone Developer";
				COPY_PHASE_STRIP = NO;
				DEBUG_INFORMATION_FORMAT = dwarf;
				ENABLE_STRICT_OBJC_MSGSEND = YES;
				ENABLE_TESTABILITY = YES;
				GCC_C_LANGUAGE_STANDARD = gnu99;
				GCC_DYNAMIC_NO_PIC = NO;
				GCC_NO_COMMON_BLOCKS = YES;
				GCC_OPTIMIZATION_LEVEL = 0;
				GCC_PREPROCESSOR_DEFINITIONS = (
					"DEBUG=1",
					"$(inherited)",
				);
				GCC_WARN_64_TO_32_BIT_CONVERSION = YES;
				GCC_WARN_ABOUT_RETURN_TYPE = YES_ERROR;
				GCC_WARN_UNDECLARED_SELECTOR = YES;
				GCC_WARN_UNINITIALIZED_AUTOS = YES_AGGRESSIVE;
				GCC_WARN_UNUSED_FUNCTION = YES;
				GCC_WARN_UNUSED_VARIABLE = YES;
				IPHONEOS_DEPLOYMENT_TARGET = 9.3;
				MTL_ENABLE_DEBUG_INFO = YES;
				ONLY_ACTIVE_ARCH = YES;
				SDKROOT = iphoneos;
				SWIFT_OPTIMIZATION_LEVEL = "-Onone";
			};
			name = Debug;
		};
		AE5A63A21CE58373003C5990 /* Release */ = {
			isa = XCBuildConfiguration;
			buildSettings = {
				ALWAYS_SEARCH_USER_PATHS = NO;
				CLANG_ANALYZER_NONNULL = YES;
				CLANG_CXX_LANGUAGE_STANDARD = "gnu++0x";
				CLANG_CXX_LIBRARY = "libc++";
				CLANG_ENABLE_MODULES = YES;
				CLANG_ENABLE_OBJC_ARC = YES;
				CLANG_WARN_BOOL_CONVERSION = YES;
				CLANG_WARN_CONSTANT_CONVERSION = YES;
				CLANG_WARN_DIRECT_OBJC_ISA_USAGE = YES_ERROR;
				CLANG_WARN_EMPTY_BODY = YES;
				CLANG_WARN_ENUM_CONVERSION = YES;
				CLANG_WARN_INT_CONVERSION = YES;
				CLANG_WARN_OBJC_ROOT_CLASS = YES_ERROR;
				CLANG_WARN_UNREACHABLE_CODE = YES;
				CLANG_WARN__DUPLICATE_METHOD_MATCH = YES;
				"CODE_SIGN_IDENTITY[sdk=iphoneos*]" = "iPhone Developer";
				COPY_PHASE_STRIP = NO;
				DEBUG_INFORMATION_FORMAT = "dwarf-with-dsym";
				ENABLE_NS_ASSERTIONS = NO;
				ENABLE_STRICT_OBJC_MSGSEND = YES;
				GCC_C_LANGUAGE_STANDARD = gnu99;
				GCC_NO_COMMON_BLOCKS = YES;
				GCC_WARN_64_TO_32_BIT_CONVERSION = YES;
				GCC_WARN_ABOUT_RETURN_TYPE = YES_ERROR;
				GCC_WARN_UNDECLARED_SELECTOR = YES;
				GCC_WARN_UNINITIALIZED_AUTOS = YES_AGGRESSIVE;
				GCC_WARN_UNUSED_FUNCTION = YES;
				GCC_WARN_UNUSED_VARIABLE = YES;
				IPHONEOS_DEPLOYMENT_TARGET = 9.3;
				MTL_ENABLE_DEBUG_INFO = NO;
				SDKROOT = iphoneos;
				VALIDATE_PRODUCT = YES;
			};
			name = Release;
		};
		AE5A63A41CE58373003C5990 /* Debug */ = {
			isa = XCBuildConfiguration;
			buildSettings = {
				ASSETCATALOG_COMPILER_APPICON_NAME = AppIcon;
				CODE_SIGN_IDENTITY = "iPhone Developer";
				INFOPLIST_FILE = "実習/Info.plist";
				LD_RUNPATH_SEARCH_PATHS = "$(inherited) @executable_path/Frameworks";
				PRODUCT_BUNDLE_IDENTIFIER = "com.company.--";
				PRODUCT_NAME = "$(TARGET_NAME)";
			};
			name = Debug;
		};
		AE5A63A51CE58373003C5990 /* Release */ = {
			isa = XCBuildConfiguration;
			buildSettings = {
				ASSETCATALOG_COMPILER_APPICON_NAME = AppIcon;
				CODE_SIGN_IDENTITY = "iPhone Developer";
				INFOPLIST_FILE = "実習/Info.plist";
				LD_RUNPATH_SEARCH_PATHS = "$(inherited) @executable_path/Frameworks";
				PRODUCT_BUNDLE_IDENTIFIER = "com.company.--";
				PRODUCT_NAME = "$(TARGET_NAME)";
			};
			name = Release;
		};
/* End XCBuildConfiguration section */

/* Begin XCConfigurationList section */
		AE5A638C1CE58373003C5990 /* Build configuration list for PBXProject "実習" */ = {
			isa = XCConfigurationList;
			buildConfigurations = (
				AE5A63A11CE58373003C5990 /* Debug */,
				AE5A63A21CE58373003C5990 /* Release */,
			);
			defaultConfigurationIsVisible = 0;
			defaultConfigurationName = Release;
		};
		AE5A63A31CE58373003C5990 /* Build configuration list for PBXNativeTarget "実習" */ = {
			isa = XCConfigurationList;
			buildConfigurations = (
				AE5A63A41CE58373003C5990 /* Debug */,
				AE5A63A51CE58373003C5990 /* Release */,
			);
			defaultConfigurationIsVisible = 0;
			defaultConfigurationName = Release;
		};
/* End XCConfigurationList section */
	};
	rootObject = AE5A63891CE58373003C5990 /* Project object */;
}
